
Microsoft Visual Studio Solution File, Format Version 12.00
# Visual Studio Version 17
VisualStudioVersion = 17.8.34525.116
MinimumVisualStudioVersion = 10.0.40219.1
Project("{FAE04EC0-301F-11D3-BF4B-00C04F79EFBC}") = "26.2", "26.2\26.2.csproj", "{22351E9D-E823-455E-AAEE-52600843D21A}"
EndProject
Global
	GlobalSection(SolutionConfigurationPlatforms) = preSolution
		Debug|Any CPU = Debug|Any CPU
		Release|Any CPU = Release|Any CPU
	EndGlobalSection
	GlobalSection(ProjectConfigurationPlatforms) = postSolution
		{22351E9D-E823-455E-AAEE-52600843D21A}.Debug|Any CPU.ActiveCfg = Debug|Any CPU
		{22351E9D-E823-455E-AAEE-52600843D21A}.Debug|Any CPU.Build.0 = Debug|Any CPU
		{22351E9D-E823-455E-AAEE-52600843D21A}.Release|Any CPU.ActiveCfg = Release|Any CPU
		{22351E9D-E823-455E-AAEE-52600843D21A}.Release|Any CPU.Build.0 = Release|Any CPU
	EndGlobalSection
	GlobalSection(SolutionProperties) = preSolution
		HideSolutionNode = FALSE
	EndGlobalSection
	GlobalSection(ExtensibilityGlobals) = postSolution
		SolutionGuid = {1803FA9A-406E-47BD-9AB5-9BD8699624B9}
	EndGlobalSection
EndGlobal
